
Microsoft Visual Studio Solution File, Format Version 12.00
# Visual Studio Version 17
VisualStudioVersion = 17.3.32811.315
MinimumVisualStudioVersion = 10.0.40219.1
Project("{FAE04EC0-301F-11D3-BF4B-00C04F79EFBC}") = "ps26", "ps26\ps26.csproj", "{ED7DC3CB-A61D-4896-867B-655B22DBFBFB}"
EndProject
Global
	GlobalSection(SolutionConfigurationPlatforms) = preSolution
		Debug|Any CPU = Debug|Any CPU
		Release|Any CPU = Release|Any CPU
	EndGlobalSection
	GlobalSection(ProjectConfigurationPlatforms) = postSolution
		{ED7DC3CB-A61D-4896-867B-655B22DBFBFB}.Debug|Any CPU.ActiveCfg = Debug|Any CPU
		{ED7DC3CB-A61D-4896-867B-655B22DBFBFB}.Debug|Any CPU.Build.0 = Debug|Any CPU
		{ED7DC3CB-A61D-4896-867B-655B22DBFBFB}.Release|Any CPU.ActiveCfg = Release|Any CPU
		{ED7DC3CB-A61D-4896-867B-655B22DBFBFB}.Release|Any CPU.Build.0 = Release|Any CPU
	EndGlobalSection
	GlobalSection(SolutionProperties) = preSolution
		HideSolutionNode = FALSE
	EndGlobalSection
	GlobalSection(ExtensibilityGlobals) = postSolution
		SolutionGuid = {C4A7DCD3-ECEF-468F-9B8C-10FC65E1EDDB}
	EndGlobalSection
EndGlobal
